
Microsoft Visual Studio Solution File, Format Version 11.00
# Visual Studio 2010
Project("{FAE04EC0-301F-11D3-BF4B-00C04F79EFBC}") = "Assembly-CSharp", "Assembly-CSharp.csproj", "{8BE2006B-F549-EA10-D687-0F825A6B1E2B}"
EndProject
Project("{FAE04EC0-301F-11D3-BF4B-00C04F79EFBC}") = "Assembly-CSharp-firstpass", "Assembly-CSharp-firstpass.csproj", "{4AAC946D-0767-EE4E-C36E-5B82B7320C7C}"
EndProject
Global
	GlobalSection(SolutionConfigurationPlatforms) = preSolution
		Debug|Any CPU = Debug|Any CPU
		Release|Any CPU = Release|Any CPU
	EndGlobalSection
	GlobalSection(ProjectConfigurationPlatforms) = postSolution
		{8BE2006B-F549-EA10-D687-0F825A6B1E2B}.Debug|Any CPU.ActiveCfg = Debug|Any CPU
		{8BE2006B-F549-EA10-D687-0F825A6B1E2B}.Debug|Any CPU.Build.0 = Debug|Any CPU
		{8BE2006B-F549-EA10-D687-0F825A6B1E2B}.Release|Any CPU.ActiveCfg = Release|Any CPU
		{8BE2006B-F549-EA10-D687-0F825A6B1E2B}.Release|Any CPU.Build.0 = Release|Any CPU
		{4AAC946D-0767-EE4E-C36E-5B82B7320C7C}.Debug|Any CPU.ActiveCfg = Debug|Any CPU
		{4AAC946D-0767-EE4E-C36E-5B82B7320C7C}.Debug|Any CPU.Build.0 = Debug|Any CPU
		{4AAC946D-0767-EE4E-C36E-5B82B7320C7C}.Release|Any CPU.ActiveCfg = Release|Any CPU
		{4AAC946D-0767-EE4E-C36E-5B82B7320C7C}.Release|Any CPU.Build.0 = Release|Any CPU
	EndGlobalSection
	GlobalSection(SolutionProperties) = preSolution
		HideSolutionNode = FALSE
	EndGlobalSection
	GlobalSection(MonoDevelopProperties) = preSolution
		StartupItem = Assembly-CSharp.csproj
	EndGlobalSection
EndGlobal
